// !$*UTF8*$!
{
	archiveVersion = 1;
	classes = {
	};
	objectVersion = 50;
	objects = {

/* Begin PBXBuildFile section */
		2A609198981354A2D2DDA301 /* Pods_Sqlite_DB.framework in Frameworks */ = {isa = PBXBuildFile; fileRef = 0A47AA2F4E03005CC2EBE7C1 /* Pods_Sqlite_DB.framework */; };
		EE94388923374456008D5851 /* AppDelegate.swift in Sources */ = {isa = PBXBuildFile; fileRef = EE94388823374456008D5851 /* AppDelegate.swift */; };
		EE94388B23374456008D5851 /* ViewController.swift in Sources */ = {isa = PBXBuildFile; fileRef = EE94388A23374456008D5851 /* ViewController.swift */; };
		EE94388E23374456008D5851 /* Main.storyboard in Resources */ = {isa = PBXBuildFile; fileRef = EE94388C23374456008D5851 /* Main.storyboard */; };
		EE94389023374459008D5851 /* Assets.xcassets in Resources */ = {isa = PBXBuildFile; fileRef = EE94388F23374459008D5851 /* Assets.xcassets */; };
		EE94389323374459008D5851 /* LaunchScreen.storyboard in Resources */ = {isa = PBXBuildFile; fileRef = EE94389123374459008D5851 /* LaunchScreen.storyboard */; };
		EE94389D23374605008D5851 /* DBConnection.swift in Sources */ = {isa = PBXBuildFile; fileRef = EE94389B23374605008D5851 /* DBConnection.swift */; };
		EE94389E23374605008D5851 /* Product.swift in Sources */ = {isa = PBXBuildFile; fileRef = EE94389C23374605008D5851 /* Product.swift */; };
		EE9438A02337490F008D5851 /* DataLoadVC.swift in Sources */ = {isa = PBXBuildFile; fileRef = EE94389F2337490F008D5851 /* DataLoadVC.swift */; };
/* End PBXBuildFile section */

/* Begin PBXFileReference section */
		0A47AA2F4E03005CC2EBE7C1 /* Pods_Sqlite_DB.framework */ = {isa = PBXFileReference; explicitFileType = wrapper.framework; includeInIndex = 0; path = Pods_Sqlite_DB.framework; sourceTree = BUILT_PRODUCTS_DIR; };
		594A35174C44E924F35026D4 /* Pods-Sqlite_DB.release.xcconfig */ = {isa = PBXFileReference; includeInIndex = 1; lastKnownFileType = text.xcconfig; name = "Pods-Sqlite_DB.release.xcconfig"; path = "Pods/Target Support Files/Pods-Sqlite_DB/Pods-Sqlite_DB.release.xcconfig"; sourceTree = "<group>"; };
		B86926057E5ADD77EF889E3E /* Pods-Sqlite_DB.debug.xcconfig */ = {isa = PBXFileReference; includeInIndex = 1; lastKnownFileType = text.xcconfig; name = "Pods-Sqlite_DB.debug.xcconfig"; path = "Pods/Target Support Files/Pods-Sqlite_DB/Pods-Sqlite_DB.debug.xcconfig"; sourceTree = "<group>"; };
		EE94388523374456008D5851 /* Sqlite_DB.app */ = {isa = PBXFileReference; explicitFileType = wrapper.application; includeInIndex = 0; path = Sqlite_DB.app; sourceTree = BUILT_PRODUCTS_DIR; };
		EE94388823374456008D5851 /* AppDelegate.swift */ = {isa = PBXFileReference; lastKnownFileType = sourcecode.swift; path = AppDelegate.swift; sourceTree = "<group>"; };
		EE94388A23374456008D5851 /* ViewController.swift */ = {isa = PBXFileReference; lastKnownFileType = sourcecode.swift; path = ViewController.swift; sourceTree = "<group>"; };
		EE94388D23374456008D5851 /* Base */ = {isa = PBXFileReference; lastKnownFileType = file.storyboard; name = Base; path = Base.lproj/Main.storyboard; sourceTree = "<group>"; };
		EE94388F23374459008D5851 /* Assets.xcassets */ = {isa = PBXFileReference; lastKnownFileType = folder.assetcatalog; path = Assets.xcassets; sourceTree = "<group>"; };
		EE94389223374459008D5851 /* Base */ = {isa = PBXFileReference; lastKnownFileType = file.storyboard; name = Base; path = Base.lproj/LaunchScreen.storyboard; sourceTree = "<group>"; };
		EE94389423374459008D5851 /* Info.plist */ = {isa = PBXFileReference; lastKnownFileType = text.plist.xml; path = Info.plist; sourceTree = "<group>"; };
		EE94389B23374605008D5851 /* DBConnection.swift */ = {isa = PBXFileReference; fileEncoding = 4; lastKnownFileType = sourcecode.swift; path = DBConnection.swift; sourceTree = "<group>"; };
		EE94389C23374605008D5851 /* Product.swift */ = {isa = PBXFileReference; fileEncoding = 4; lastKnownFileType = sourcecode.swift; path = Product.swift; sourceTree = "<group>"; };
		EE94389F2337490F008D5851 /* DataLoadVC.swift */ = {isa = PBXFileReference; lastKnownFileType = sourcecode.swift; path = DataLoadVC.swift; sourceTree = "<group>"; };
/* End PBXFileReference section */

/* Begin PBXFrameworksBuildPhase section */
		EE94388223374456008D5851 /* Frameworks */ = {
			isa = PBXFrameworksBuildPhase;
			buildActionMask = 2147483647;
			files = (
				2A609198981354A2D2DDA301 /* Pods_Sqlite_DB.framework in Frameworks */,
			);
			runOnlyForDeploymentPostprocessing = 0;
		};
/* End PBXFrameworksBuildPhase section */

/* Begin PBXGroup section */
		3560818625D31A7B39B518CB /* Pods */ = {
			isa = PBXGroup;
			children = (
				B86926057E5ADD77EF889E3E /* Pods-Sqlite_DB.debug.xcconfig */,
				594A35174C44E924F35026D4 /* Pods-Sqlite_DB.release.xcconfig */,
			);
			name = Pods;
			sourceTree = "<group>";
		};
		615E5F416C4938A6030F8B2D /* Frameworks */ = {
			isa = PBXGroup;
			children = (
				0A47AA2F4E03005CC2EBE7C1 /* Pods_Sqlite_DB.framework */,
			);
			name = Frameworks;
			sourceTree = "<group>";
		};
		EE94387C23374456008D5851 = {
			isa = PBXGroup;
			children = (
				EE94388723374456008D5851 /* Sqlite_DB */,
				EE94388623374456008D5851 /* Products */,
				3560818625D31A7B39B518CB /* Pods */,
				615E5F416C4938A6030F8B2D /* Frameworks */,
			);
			sourceTree = "<group>";
		};
		EE94388623374456008D5851 /* Products */ = {
			isa = PBXGroup;
			children = (
				EE94388523374456008D5851 /* Sqlite_DB.app */,
			);
			name = Products;
			sourceTree = "<group>";
		};
		EE94388723374456008D5851 /* Sqlite_DB */ = {
			isa = PBXGroup;
			children = (
				EE94388823374456008D5851 /* AppDelegate.swift */,
				EE94388A23374456008D5851 /* ViewController.swift */,
				EE94389F2337490F008D5851 /* DataLoadVC.swift */,
				EE94388C23374456008D5851 /* Main.storyboard */,
				EE94389A23374605008D5851 /* DataBase */,
				EE94388F23374459008D5851 /* Assets.xcassets */,
				EE94389123374459008D5851 /* LaunchScreen.storyboard */,
				EE94389423374459008D5851 /* Info.plist */,
			);
			path = Sqlite_DB;
			sourceTree = "<group>";
		};
		EE94389A23374605008D5851 /* DataBase */ = {
			isa = PBXGroup;
			children = (
				EE94389B23374605008D5851 /* DBConnection.swift */,
				EE94389C23374605008D5851 /* Product.swift */,
			);
			path = DataBase;
			sourceTree = "<group>";
		};
/* End PBXGroup section */

/* Begin PBXNativeTarget section */
		EE94388423374456008D5851 /* Sqlite_DB */ = {
			isa = PBXNativeTarget;
			buildConfigurationList = EE94389723374459008D5851 /* Build configuration list for PBXNativeTarget "Sqlite_DB" */;
			buildPhases = (
				FAE4A11CBE2A3118BE3B5727 /* [CP] Check Pods Manifest.lock */,
				EE94388123374456008D5851 /* Sources */,
				EE94388223374456008D5851 /* Frameworks */,
				EE94388323374456008D5851 /* Resources */,
				13E440EFB6AA6DE430F097AB /* [CP] Embed Pods Frameworks */,
			);
			buildRules = (
			);
			dependencies = (
			);
			name = Sqlite_DB;
			productName = Sqlite_DB;
			productReference = EE94388523374456008D5851 /* Sqlite_DB.app */;
			productType = "com.apple.product-type.application";
		};
/* End PBXNativeTarget section */

/* Begin PBXProject section */
		EE94387D23374456008D5851 /* Project object */ = {
			isa = PBXProject;
			attributes = {
				LastSwiftUpdateCheck = 1010;
				LastUpgradeCheck = 1010;
				ORGANIZATIONNAME = "Manav Mahajan";
				TargetAttributes = {
					EE94388423374456008D5851 = {
						CreatedOnToolsVersion = 10.1;
					};
				};
			};
			buildConfigurationList = EE94388023374456008D5851 /* Build configuration list for PBXProject "Sqlite_DB" */;
			compatibilityVersion = "Xcode 9.3";
			developmentRegion = en;
			hasScannedForEncodings = 0;
			knownRegions = (
				en,
				Base,
			);
			mainGroup = EE94387C23374456008D5851;
			productRefGroup = EE94388623374456008D5851 /* Products */;
			projectDirPath = "";
			projectRoot = "";
			targets = (
				EE94388423374456008D5851 /* Sqlite_DB */,
			);
		};
/* End PBXProject section */

/* Begin PBXResourcesBuildPhase section */
		EE94388323374456008D5851 /* Resources */ = {
			isa = PBXResourcesBuildPhase;
			buildActionMask = 2147483647;
			files = (
				EE94389323374459008D5851 /* LaunchScreen.storyboard in Resources */,
				EE94389023374459008D5851 /* Assets.xcassets in Resources */,
				EE94388E23374456008D5851 /* Main.storyboard in Resources */,
			);
			runOnlyForDeploymentPostprocessing = 0;
		};
/* End PBXResourcesBuildPhase section */

/* Begin PBXShellScriptBuildPhase section */
		13E440EFB6AA6DE430F097AB /* [CP] Embed Pods Frameworks */ = {
			isa = PBXShellScriptBuildPhase;
			buildActionMask = 2147483647;
			files = (
			);
			inputPaths = (
				"${SRCROOT}/Pods/Target Support Files/Pods-Sqlite_DB/Pods-Sqlite_DB-frameworks.sh",
				"${BUILT_PRODUCTS_DIR}/SQLite.swift/SQLite.framework",
			);
			name = "[CP] Embed Pods Frameworks";
			outputPaths = (
				"${TARGET_BUILD_DIR}/${FRAMEWORKS_FOLDER_PATH}/SQLite.framework",
			);
			runOnlyForDeploymentPostprocessing = 0;
			shellPath = /bin/sh;
			shellScript = "\"${SRCROOT}/Pods/Target Support Files/Pods-Sqlite_DB/Pods-Sqlite_DB-frameworks.sh\"\n";
			showEnvVarsInLog = 0;
		};
		FAE4A11CBE2A3118BE3B5727 /* [CP] Check Pods Manifest.lock */ = {
			isa = PBXShellScriptBuildPhase;
			buildActionMask = 2147483647;
			files = (
			);
			inputPaths = (
				"${PODS_PODFILE_DIR_PATH}/Podfile.lock",
				"${PODS_ROOT}/Manifest.lock",
			);
			name = "[CP] Check Pods Manifest.lock";
			outputPaths = (
				"$(DERIVED_FILE_DIR)/Pods-Sqlite_DB-checkManifestLockResult.txt",
			);
			runOnlyForDeploymentPostprocessing = 0;
			shellPath = /bin/sh;
			shellScript = "diff \"${PODS_PODFILE_DIR_PATH}/Podfile.lock\" \"${PODS_ROOT}/Manifest.lock\" > /dev/null\nif [ $? != 0 ] ; then\n    # print error to STDERR\n    echo \"error: The sandbox is not in sync with the Podfile.lock. Run 'pod install' or update your CocoaPods installation.\" >&2\n    exit 1\nfi\n# This output is used by Xcode 'outputs' to avoid re-running this script phase.\necho \"SUCCESS\" > \"${SCRIPT_OUTPUT_FILE_0}\"\n";
			showEnvVarsInLog = 0;
		};
/* End PBXShellScriptBuildPhase section */

/* Begin PBXSourcesBuildPhase section */
		EE94388123374456008D5851 /* Sources */ = {
			isa = PBXSourcesBuildPhase;
			buildActionMask = 2147483647;
			files = (
				EE94389D23374605008D5851 /* DBConnection.swift in Sources */,
				EE9438A02337490F008D5851 /* DataLoadVC.swift in Sources */,
				EE94389E23374605008D5851 /* Product.swift in Sources */,
				EE94388B23374456008D5851 /* ViewController.swift in Sources */,
				EE94388923374456008D5851 /* AppDelegate.swift in Sources */,
			);
			runOnlyForDeploymentPostprocessing = 0;
		};
/* End PBXSourcesBuildPhase section */

/* Begin PBXVariantGroup section */
		EE94388C23374456008D5851 /* Main.storyboard */ = {
			isa = PBXVariantGroup;
			children = (
				EE94388D23374456008D5851 /* Base */,
			);
			name = Main.storyboard;
			sourceTree = "<group>";
		};
		EE94389123374459008D5851 /* LaunchScreen.storyboard */ = {
			isa = PBXVariantGroup;
			children = (
				EE94389223374459008D5851 /* Base */,
			);
			name = LaunchScreen.storyboard;
			sourceTree = "<group>";
		};
/* End PBXVariantGroup section */

/* Begin XCBuildConfiguration section */
		EE94389523374459008D5851 /* Debug */ = {
			isa = XCBuildConfiguration;
			buildSettings = {
				ALWAYS_SEARCH_USER_PATHS = NO;
				CLANG_ANALYZER_NONNULL = YES;
				CLANG_ANALYZER_NUMBER_OBJECT_CONVERSION = YES_AGGRESSIVE;
				CLANG_CXX_LANGUAGE_STANDARD = "gnu++14";
				CLANG_CXX_LIBRARY = "libc++";
				CLANG_ENABLE_MODULES = YES;
				CLANG_ENABLE_OBJC_ARC = YES;
				CLANG_ENABLE_OBJC_WEAK = YES;
				CLANG_WARN_BLOCK_CAPTURE_AUTORELEASING = YES;
				CLANG_WARN_BOOL_CONVERSION = YES;
				CLANG_WARN_COMMA = YES;
				CLANG_WARN_CONSTANT_CONVERSION = YES;
				CLANG_WARN_DEPRECATED_OBJC_IMPLEMENTATIONS = YES;
				CLANG_WARN_DIRECT_OBJC_ISA_USAGE = YES_ERROR;
				CLANG_WARN_DOCUMENTATION_COMMENTS = YES;
				CLANG_WARN_EMPTY_BODY = YES;
				CLANG_WARN_ENUM_CONVERSION = YES;
				CLANG_WARN_INFINITE_RECURSION = YES;
				CLANG_WARN_INT_CONVERSION = YES;
				CLANG_WARN_NON_LITERAL_NULL_CONVERSION = YES;
				CLANG_WARN_OBJC_IMPLICIT_RETAIN_SELF = YES;
				CLANG_WARN_OBJC_LITERAL_CONVERSION = YES;
				CLANG_WARN_OBJC_ROOT_CLASS = YES_ERROR;
				CLANG_WARN_RANGE_LOOP_ANALYSIS = YES;
				CLANG_WARN_STRICT_PROTOTYPES = YES;
				CLANG_WARN_SUSPICIOUS_MOVE = YES;
				CLANG_WARN_UNGUARDED_AVAILABILITY = YES_AGGRESSIVE;
				CLANG_WARN_UNREACHABLE_CODE = YES;
				CLANG_WARN__DUPLICATE_METHOD_MATCH = YES;
				CODE_SIGN_IDENTITY = "iPhone Developer";
				COPY_PHASE_STRIP = NO;
				DEBUG_INFORMATION_FORMAT = dwarf;
				ENABLE_STRICT_OBJC_MSGSEND = YES;
				ENABLE_TESTABILITY = YES;
				GCC_C_LANGUAGE_STANDARD = gnu11;
				GCC_DYNAMIC_NO_PIC = NO;
				GCC_NO_COMMON_BLOCKS = YES;
				GCC_OPTIMIZATION_LEVEL = 0;
				GCC_PREPROCESSOR_DEFINITIONS = (
					"DEBUG=1",
					"$(inherited)",
				);
				GCC_WARN_64_TO_32_BIT_CONVERSION = YES;
				GCC_WARN_ABOUT_RETURN_TYPE = YES_ERROR;
				GCC_WARN_UNDECLARED_SELECTOR = YES;
				GCC_WARN_UNINITIALIZED_AUTOS = YES_AGGRESSIVE;
				GCC_WARN_UNUSED_FUNCTION = YES;
				GCC_WARN_UNUSED_VARIABLE = YES;
				IPHONEOS_DEPLOYMENT_TARGET = 12.1;
				MTL_ENABLE_DEBUG_INFO = INCLUDE_SOURCE;
				MTL_FAST_MATH = YES;
				ONLY_ACTIVE_ARCH = YES;
				SDKROOT = iphoneos;
				SWIFT_ACTIVE_COMPILATION_CONDITIONS = DEBUG;
				SWIFT_OPTIMIZATION_LEVEL = "-Onone";
			};
			name = Debug;
		};
		EE94389623374459008D5851 /* Release */ = {
			isa = XCBuildConfiguration;
			buildSettings = {
				ALWAYS_SEARCH_USER_PATHS = NO;
				CLANG_ANALYZER_NONNULL = YES;
				CLANG_ANALYZER_NUMBER_OBJECT_CONVERSION = YES_AGGRESSIVE;
				CLANG_CXX_LANGUAGE_STANDARD = "gnu++14";
				CLANG_CXX_LIBRARY = "libc++";
				CLANG_ENABLE_MODULES = YES;
				CLANG_ENABLE_OBJC_ARC = YES;
				CLANG_ENABLE_OBJC_WEAK = YES;
				CLANG_WARN_BLOCK_CAPTURE_AUTORELEASING = YES;
				CLANG_WARN_BOOL_CONVERSION = YES;
				CLANG_WARN_COMMA = YES;
				CLANG_WARN_CONSTANT_CONVERSION = YES;
				CLANG_WARN_DEPRECATED_OBJC_IMPLEMENTATIONS = YES;
				CLANG_WARN_DIRECT_OBJC_ISA_USAGE = YES_ERROR;
				CLANG_WARN_DOCUMENTATION_COMMENTS = YES;
				CLANG_WARN_EMPTY_BODY = YES;
				CLANG_WARN_ENUM_CONVERSION = YES;
				CLANG_WARN_INFINITE_RECURSION = YES;
				CLANG_WARN_INT_CONVERSION = YES;
				CLANG_WARN_NON_LITERAL_NULL_CONVERSION = YES;
				CLANG_WARN_OBJC_IMPLICIT_RETAIN_SELF = YES;
				CLANG_WARN_OBJC_LITERAL_CONVERSION = YES;
				CLANG_WARN_OBJC_ROOT_CLASS = YES_ERROR;
				CLANG_WARN_RANGE_LOOP_ANALYSIS = YES;
				CLANG_WARN_STRICT_PROTOTYPES = YES;
				CLANG_WARN_SUSPICIOUS_MOVE = YES;
				CLANG_WARN_UNGUARDED_AVAILABILITY = YES_AGGRESSIVE;
				CLANG_WARN_UNREACHABLE_CODE = YES;
				CLANG_WARN__DUPLICATE_METHOD_MATCH = YES;
				CODE_SIGN_IDENTITY = "iPhone Developer";
				COPY_PHASE_STRIP = NO;
				DEBUG_INFORMATION_FORMAT = "dwarf-with-dsym";
				ENABLE_NS_ASSERTIONS = NO;
				ENABLE_STRICT_OBJC_MSGSEND = YES;
				GCC_C_LANGUAGE_STANDARD = gnu11;
				GCC_NO_COMMON_BLOCKS = YES;
				GCC_WARN_64_TO_32_BIT_CONVERSION = YES;
				GCC_WARN_ABOUT_RETURN_TYPE = YES_ERROR;
				GCC_WARN_UNDECLARED_SELECTOR = YES;
				GCC_WARN_UNINITIALIZED_AUTOS = YES_AGGRESSIVE;
				GCC_WARN_UNUSED_FUNCTION = YES;
				GCC_WARN_UNUSED_VARIABLE = YES;
				IPHONEOS_DEPLOYMENT_TARGET = 12.1;
				MTL_ENABLE_DEBUG_INFO = NO;
				MTL_FAST_MATH = YES;
				SDKROOT = iphoneos;
				SWIFT_COMPILATION_MODE = wholemodule;
				SWIFT_OPTIMIZATION_LEVEL = "-O";
				VALIDATE_PRODUCT = YES;
			};
			name = Release;
		};
		EE94389823374459008D5851 /* Debug */ = {
			isa = XCBuildConfiguration;
			baseConfigurationReference = B86926057E5ADD77EF889E3E /* Pods-Sqlite_DB.debug.xcconfig */;
			buildSettings = {
				ASSETCATALOG_COMPILER_APPICON_NAME = AppIcon;
				CODE_SIGN_STYLE = Automatic;
				DEVELOPMENT_TEAM = DDDZM6NQ2Y;
				INFOPLIST_FILE = Sqlite_DB/Info.plist;
				LD_RUNPATH_SEARCH_PATHS = (
					"$(inherited)",
					"@executable_path/Frameworks",
				);
				PRODUCT_BUNDLE_IDENTIFIER = "mani.Sqlite-DB";
				PRODUCT_NAME = "$(TARGET_NAME)";
				SWIFT_VERSION = 4.2;
				TARGETED_DEVICE_FAMILY = "1,2";
			};
			name = Debug;
		};
		EE94389923374459008D5851 /* Release */ = {
			isa = XCBuildConfiguration;
			baseConfigurationReference = 594A35174C44E924F35026D4 /* Pods-Sqlite_DB.release.xcconfig */;
			buildSettings = {
				ASSETCATALOG_COMPILER_APPICON_NAME = AppIcon;
				CODE_SIGN_STYLE = Automatic;
				DEVELOPMENT_TEAM = DDDZM6NQ2Y;
				INFOPLIST_FILE = Sqlite_DB/Info.plist;
				LD_RUNPATH_SEARCH_PATHS = (
					"$(inherited)",
					"@executable_path/Frameworks",
				);
				PRODUCT_BUNDLE_IDENTIFIER = "mani.Sqlite-DB";
				PRODUCT_NAME = "$(TARGET_NAME)";
				SWIFT_VERSION = 4.2;
				TARGETED_DEVICE_FAMILY = "1,2";
			};
			name = Release;
		};
/* End XCBuildConfiguration section */

/* Begin XCConfigurationList section */
		EE94388023374456008D5851 /* Build configuration list for PBXProject "Sqlite_DB" */ = {
			isa = XCConfigurationList;
			buildConfigurations = (
				EE94389523374459008D5851 /* Debug */,
				EE94389623374459008D5851 /* Release */,
			);
			defaultConfigurationIsVisible = 0;
			defaultConfigurationName = Release;
		};
		EE94389723374459008D5851 /* Build configuration list for PBXNativeTarget "Sqlite_DB" */ = {
			isa = XCConfigurationList;
			buildConfigurations = (
				EE94389823374459008D5851 /* Debug */,
				EE94389923374459008D5851 /* Release */,
			);
			defaultConfigurationIsVisible = 0;
			defaultConfigurationName = Release;
		};
/* End XCConfigurationList section */
	};
	rootObject = EE94387D23374456008D5851 /* Project object */;
}
